<?xml version="1.0" encoding="UTF-8"?>
<!DOCTYPE plist PUBLIC "-//Apple//DTD PLIST 1.0//EN" "http://www.apple.com/DTDs/PropertyList-1.0.dtd">
<plist version="1.0">
<dict>
	<key>archiveVersion</key>
	<string>1</string>
	<key>classes</key>
	<dict/>
	<key>objectVersion</key>
	<string>46</string>
	<key>objects</key>
	<dict>
		<key>17ED420C17E756E600C7080A</key>
		<dict>
			<key>children</key>
			<array>
				<string>17ED421E17E756E600C7080A</string>
				<string>17ED424217E756E700C7080A</string>
				<string>17ED421717E756E600C7080A</string>
				<string>17ED421617E756E600C7080A</string>
				<string>F9F60B2BD95F46A1A79A2A01</string>
			</array>
			<key>isa</key>
			<string>PBXGroup</string>
			<key>sourceTree</key>
			<string>&lt;group&gt;</string>
		</dict>
		<key>17ED420D17E756E600C7080A</key>
		<dict>
			<key>attributes</key>
			<dict>
				<key>LastUpgradeCheck</key>
				<string>0460</string>
				<key>ORGANIZATIONNAME</key>
				<string>Rex Jason Alobba</string>
			</dict>
			<key>buildConfigurationList</key>
			<string>17ED421017E756E600C7080A</string>
			<key>compatibilityVersion</key>
			<string>Xcode 3.2</string>
			<key>developmentRegion</key>
			<string>English</string>
			<key>hasScannedForEncodings</key>
			<string>0</string>
			<key>isa</key>
			<string>PBXProject</string>
			<key>knownRegions</key>
			<array>
				<string>en</string>
			</array>
			<key>mainGroup</key>
			<string>17ED420C17E756E600C7080A</string>
			<key>productRefGroup</key>
			<string>17ED421617E756E600C7080A</string>
			<key>projectDirPath</key>
			<string></string>
			<key>projectReferences</key>
			<array/>
			<key>projectRoot</key>
			<string></string>
			<key>targets</key>
			<array>
				<string>17ED421417E756E600C7080A</string>
				<string>17ED423A17E756E700C7080A</string>
			</array>
		</dict>
		<key>17ED421017E756E600C7080A</key>
		<dict>
			<key>buildConfigurations</key>
			<array>
				<string>17ED424B17E756E700C7080A</string>
				<string>17ED424C17E756E700C7080A</string>
			</array>
			<key>defaultConfigurationIsVisible</key>
			<string>0</string>
			<key>defaultConfigurationName</key>
			<string>Release</string>
			<key>isa</key>
			<string>XCConfigurationList</string>
		</dict>
		<key>17ED421117E756E600C7080A</key>
		<dict>
			<key>buildActionMask</key>
			<string>2147483647</string>
			<key>files</key>
			<array>
				<string>17ED422517E756E700C7080A</string>
				<string>17ED422917E756E700C7080A</string>
				<string>17ED423217E756E700C7080A</string>
			</array>
			<key>isa</key>
			<string>PBXSourcesBuildPhase</string>
			<key>runOnlyForDeploymentPostprocessing</key>
			<string>0</string>
		</dict>
		<key>17ED421217E756E600C7080A</key>
		<dict>
			<key>buildActionMask</key>
			<string>2147483647</string>
			<key>files</key>
			<array>
				<string>17ED421917E756E600C7080A</string>
				<string>17ED421B17E756E600C7080A</string>
				<string>17ED421D17E756E600C7080A</string>
				<string>9AAC237A89A840008DB51EE0</string>
			</array>
			<key>isa</key>
			<string>PBXFrameworksBuildPhase</string>
			<key>runOnlyForDeploymentPostprocessing</key>
			<string>0</string>
		</dict>
		<key>17ED421317E756E600C7080A</key>
		<dict>
			<key>buildActionMask</key>
			<string>2147483647</string>
			<key>files</key>
			<array>
				<string>17ED422317E756E700C7080A</string>
				<string>17ED422B17E756E700C7080A</string>
				<string>17ED422D17E756E700C7080A</string>
				<string>17ED422F17E756E700C7080A</string>
				<string>17ED423517E756E700C7080A</string>
			</array>
			<key>isa</key>
			<string>PBXResourcesBuildPhase</string>
			<key>runOnlyForDeploymentPostprocessing</key>
			<string>0</string>
		</dict>
		<key>17ED421417E756E600C7080A</key>
		<dict>
			<key>buildConfigurationList</key>
			<string>17ED424D17E756E700C7080A</string>
			<key>buildPhases</key>
			<array>
				<string>70B7E4C0E2134B17A3A37E96</string>
				<string>17ED421117E756E600C7080A</string>
				<string>17ED421217E756E600C7080A</string>
				<string>17ED421317E756E600C7080A</string>
				<string>36E31B9B50854DF3AFB92872</string>
			</array>
			<key>buildRules</key>
			<array/>
			<key>dependencies</key>
			<array/>
			<key>isa</key>
			<string>PBXNativeTarget</string>
			<key>name</key>
			<string>MoneyMemory</string>
			<key>productName</key>
			<string>MoneyMemory</string>
			<key>productReference</key>
			<string>17ED421517E756E600C7080A</string>
			<key>productType</key>
			<string>com.apple.product-type.application</string>
		</dict>
		<key>17ED421517E756E600C7080A</key>
		<dict>
			<key>explicitFileType</key>
			<string>wrapper.application</string>
			<key>includeInIndex</key>
			<string>0</string>
			<key>isa</key>
			<string>PBXFileReference</string>
			<key>path</key>
			<string>MoneyMemory.app</string>
			<key>sourceTree</key>
			<string>BUILT_PRODUCTS_DIR</string>
		</dict>
		<key>17ED421617E756E600C7080A</key>
		<dict>
			<key>children</key>
			<array>
				<string>17ED421517E756E600C7080A</string>
				<string>17ED423B17E756E700C7080A</string>
			</array>
			<key>isa</key>
			<string>PBXGroup</string>
			<key>name</key>
			<string>Products</string>
			<key>sourceTree</key>
			<string>&lt;group&gt;</string>
		</dict>
		<key>17ED421717E756E600C7080A</key>
		<dict>
			<key>children</key>
			<array>
				<string>17ED421817E756E600C7080A</string>
				<string>17ED421A17E756E600C7080A</string>
				<string>17ED421C17E756E600C7080A</string>
				<string>17ED423C17E756E700C7080A</string>
				<string>C432C4616D1D4605AA12CB2D</string>
			</array>
			<key>isa</key>
			<string>PBXGroup</string>
			<key>name</key>
			<string>Frameworks</string>
			<key>sourceTree</key>
			<string>&lt;group&gt;</string>
		</dict>
		<key>17ED421817E756E600C7080A</key>
		<dict>
			<key>isa</key>
			<string>PBXFileReference</string>
			<key>lastKnownFileType</key>
			<string>wrapper.framework</string>
			<key>name</key>
			<string>UIKit.framework</string>
			<key>path</key>
			<string>System/Library/Frameworks/UIKit.framework</string>
			<key>sourceTree</key>
			<string>SDKROOT</string>
		</dict>
		<key>17ED421917E756E600C7080A</key>
		<dict>
			<key>fileRef</key>
			<string>17ED421817E756E600C7080A</string>
			<key>isa</key>
			<string>PBXBuildFile</string>
		</dict>
		<key>17ED421A17E756E600C7080A</key>
		<dict>
			<key>isa</key>
			<string>PBXFileReference</string>
			<key>lastKnownFileType</key>
			<string>wrapper.framework</string>
			<key>name</key>
			<string>Foundation.framework</string>
			<key>path</key>
			<string>System/Library/Frameworks/Foundation.framework</string>
			<key>sourceTree</key>
			<string>SDKROOT</string>
		</dict>
		<key>17ED421B17E756E600C7080A</key>
		<dict>
			<key>fileRef</key>
			<string>17ED421A17E756E600C7080A</string>
			<key>isa</key>
			<string>PBXBuildFile</string>
		</dict>
		<key>17ED421C17E756E600C7080A</key>
		<dict>
			<key>isa</key>
			<string>PBXFileReference</string>
			<key>lastKnownFileType</key>
			<string>wrapper.framework</string>
			<key>name</key>
			<string>CoreGraphics.framework</string>
			<key>path</key>
			<string>System/Library/Frameworks/CoreGraphics.framework</string>
			<key>sourceTree</key>
			<string>SDKROOT</string>
		</dict>
		<key>17ED421D17E756E600C7080A</key>
		<dict>
			<key>fileRef</key>
			<string>17ED421C17E756E600C7080A</string>
			<key>isa</key>
			<string>PBXBuildFile</string>
		</dict>
		<key>17ED421E17E756E600C7080A</key>
		<dict>
			<key>children</key>
			<array>
				<string>17ED422717E756E700C7080A</string>
				<string>17ED422817E756E700C7080A</string>
				<string>17ED423017E756E700C7080A</string>
				<string>17ED423117E756E700C7080A</string>
				<string>17ED423317E756E700C7080A</string>
				<string>17ED421F17E756E700C7080A</string>
			</array>
			<key>isa</key>
			<string>PBXGroup</string>
			<key>path</key>
			<string>MoneyMemory</string>
			<key>sourceTree</key>
			<string>&lt;group&gt;</string>
		</dict>
		<key>17ED421F17E756E700C7080A</key>
		<dict>
			<key>children</key>
			<array>
				<string>17ED422017E756E700C7080A</string>
				<string>17ED422117E756E700C7080A</string>
				<string>17ED422417E756E700C7080A</string>
				<string>17ED422617E756E700C7080A</string>
				<string>17ED422A17E756E700C7080A</string>
				<string>17ED422C17E756E700C7080A</string>
				<string>17ED422E17E756E700C7080A</string>
			</array>
			<key>isa</key>
			<string>PBXGroup</string>
			<key>name</key>
			<string>Supporting Files</string>
			<key>sourceTree</key>
			<string>&lt;group&gt;</string>
		</dict>
		<key>17ED422017E756E700C7080A</key>
		<dict>
			<key>isa</key>
			<string>PBXFileReference</string>
			<key>lastKnownFileType</key>
			<string>text.plist.xml</string>
			<key>path</key>
			<string>MoneyMemory-Info.plist</string>
			<key>sourceTree</key>
			<string>&lt;group&gt;</string>
		</dict>
		<key>17ED422117E756E700C7080A</key>
		<dict>
			<key>children</key>
			<array>
				<string>17ED422217E756E700C7080A</string>
			</array>
			<key>isa</key>
			<string>PBXVariantGroup</string>
			<key>name</key>
			<string>InfoPlist.strings</string>
			<key>sourceTree</key>
			<string>&lt;group&gt;</string>
		</dict>
		<key>17ED422217E756E700C7080A</key>
		<dict>
			<key>isa</key>
			<string>PBXFileReference</string>
			<key>lastKnownFileType</key>
			<string>text.plist.strings</string>
			<key>name</key>
			<string>en</string>
			<key>path</key>
			<string>en.lproj/InfoPlist.strings</string>
			<key>sourceTree</key>
			<string>&lt;group&gt;</string>
		</dict>
		<key>17ED422317E756E700C7080A</key>
		<dict>
			<key>fileRef</key>
			<string>17ED422117E756E700C7080A</string>
			<key>isa</key>
			<string>PBXBuildFile</string>
		</dict>
		<key>17ED422417E756E700C7080A</key>
		<dict>
			<key>isa</key>
			<string>PBXFileReference</string>
			<key>lastKnownFileType</key>
			<string>sourcecode.c.objc</string>
			<key>path</key>
			<string>main.m</string>
			<key>sourceTree</key>
			<string>&lt;group&gt;</string>
		</dict>
		<key>17ED422517E756E700C7080A</key>
		<dict>
			<key>fileRef</key>
			<string>17ED422417E756E700C7080A</string>
			<key>isa</key>
			<string>PBXBuildFile</string>
		</dict>
		<key>17ED422617E756E700C7080A</key>
		<dict>
			<key>isa</key>
			<string>PBXFileReference</string>
			<key>lastKnownFileType</key>
			<string>sourcecode.c.h</string>
			<key>path</key>
			<string>MoneyMemory-Prefix.pch</string>
			<key>sourceTree</key>
			<string>&lt;group&gt;</string>
		</dict>
		<key>17ED422717E756E700C7080A</key>
		<dict>
			<key>isa</key>
			<string>PBXFileReference</string>
			<key>lastKnownFileType</key>
			<string>sourcecode.c.h</string>
			<key>path</key>
			<string>AppDelegate.h</string>
			<key>sourceTree</key>
			<string>&lt;group&gt;</string>
		</dict>
		<key>17ED422817E756E700C7080A</key>
		<dict>
			<key>isa</key>
			<string>PBXFileReference</string>
			<key>lastKnownFileType</key>
			<string>sourcecode.c.objc</string>
			<key>path</key>
			<string>AppDelegate.m</string>
			<key>sourceTree</key>
			<string>&lt;group&gt;</string>
		</dict>
		<key>17ED422917E756E700C7080A</key>
		<dict>
			<key>fileRef</key>
			<string>17ED422817E756E700C7080A</string>
			<key>isa</key>
			<string>PBXBuildFile</string>
		</dict>
		<key>17ED422A17E756E700C7080A</key>
		<dict>
			<key>isa</key>
			<string>PBXFileReference</string>
			<key>lastKnownFileType</key>
			<string>image.png</string>
			<key>path</key>
			<string>Default.png</string>
			<key>sourceTree</key>
			<string>&lt;group&gt;</string>
		</dict>
		<key>17ED422B17E756E700C7080A</key>
		<dict>
			<key>fileRef</key>
			<string>17ED422A17E756E700C7080A</string>
			<key>isa</key>
			<string>PBXBuildFile</string>
		</dict>
		<key>17ED422C17E756E700C7080A</key>
		<dict>
			<key>isa</key>
			<string>PBXFileReference</string>
			<key>lastKnownFileType</key>
			<string>image.png</string>
			<key>path</key>
			<string>Default@2x.png</string>
			<key>sourceTree</key>
			<string>&lt;group&gt;</string>
		</dict>
		<key>17ED422D17E756E700C7080A</key>
		<dict>
			<key>fileRef</key>
			<string>17ED422C17E756E700C7080A</string>
			<key>isa</key>
			<string>PBXBuildFile</string>
		</dict>
		<key>17ED422E17E756E700C7080A</key>
		<dict>
			<key>isa</key>
			<string>PBXFileReference</string>
			<key>lastKnownFileType</key>
			<string>image.png</string>
			<key>path</key>
			<string>Default-568h@2x.png</string>
			<key>sourceTree</key>
			<string>&lt;group&gt;</string>
		</dict>
		<key>17ED422F17E756E700C7080A</key>
		<dict>
			<key>fileRef</key>
			<string>17ED422E17E756E700C7080A</string>
			<key>isa</key>
			<string>PBXBuildFile</string>
		</dict>
		<key>17ED423017E756E700C7080A</key>
		<dict>
			<key>isa</key>
			<string>PBXFileReference</string>
			<key>lastKnownFileType</key>
			<string>sourcecode.c.h</string>
			<key>path</key>
			<string>ViewController.h</string>
			<key>sourceTree</key>
			<string>&lt;group&gt;</string>
		</dict>
		<key>17ED423117E756E700C7080A</key>
		<dict>
			<key>isa</key>
			<string>PBXFileReference</string>
			<key>lastKnownFileType</key>
			<string>sourcecode.c.objc</string>
			<key>path</key>
			<string>ViewController.m</string>
			<key>sourceTree</key>
			<string>&lt;group&gt;</string>
		</dict>
		<key>17ED423217E756E700C7080A</key>
		<dict>
			<key>fileRef</key>
			<string>17ED423117E756E700C7080A</string>
			<key>isa</key>
			<string>PBXBuildFile</string>
		</dict>
		<key>17ED423317E756E700C7080A</key>
		<dict>
			<key>children</key>
			<array>
				<string>17ED423417E756E700C7080A</string>
			</array>
			<key>isa</key>
			<string>PBXVariantGroup</string>
			<key>name</key>
			<string>ViewController.xib</string>
			<key>sourceTree</key>
			<string>&lt;group&gt;</string>
		</dict>
		<key>17ED423417E756E700C7080A</key>
		<dict>
			<key>isa</key>
			<string>PBXFileReference</string>
			<key>lastKnownFileType</key>
			<string>file.xib</string>
			<key>name</key>
			<string>en</string>
			<key>path</key>
			<string>en.lproj/ViewController.xib</string>
			<key>sourceTree</key>
			<string>&lt;group&gt;</string>
		</dict>
		<key>17ED423517E756E700C7080A</key>
		<dict>
			<key>fileRef</key>
			<string>17ED423317E756E700C7080A</string>
			<key>isa</key>
			<string>PBXBuildFile</string>
		</dict>
		<key>17ED423617E756E700C7080A</key>
		<dict>
			<key>buildActionMask</key>
			<string>2147483647</string>
			<key>files</key>
			<array>
				<string>17ED424A17E756E700C7080A</string>
			</array>
			<key>isa</key>
			<string>PBXSourcesBuildPhase</string>
			<key>runOnlyForDeploymentPostprocessing</key>
			<string>0</string>
		</dict>
		<key>17ED423717E756E700C7080A</key>
		<dict>
			<key>buildActionMask</key>
			<string>2147483647</string>
			<key>files</key>
			<array>
				<string>17ED423D17E756E700C7080A</string>
				<string>17ED423E17E756E700C7080A</string>
				<string>17ED423F17E756E700C7080A</string>
			</array>
			<key>isa</key>
			<string>PBXFrameworksBuildPhase</string>
			<key>runOnlyForDeploymentPostprocessing</key>
			<string>0</string>
		</dict>
		<key>17ED423817E756E700C7080A</key>
		<dict>
			<key>buildActionMask</key>
			<string>2147483647</string>
			<key>files</key>
			<array>
				<string>17ED424717E756E700C7080A</string>
			</array>
			<key>isa</key>
			<string>PBXResourcesBuildPhase</string>
			<key>runOnlyForDeploymentPostprocessing</key>
			<string>0</string>
		</dict>
		<key>17ED423917E756E700C7080A</key>
		<dict>
			<key>buildActionMask</key>
			<string>2147483647</string>
			<key>files</key>
			<array/>
			<key>inputPaths</key>
			<array/>
			<key>isa</key>
			<string>PBXShellScriptBuildPhase</string>
			<key>outputPaths</key>
			<array/>
			<key>runOnlyForDeploymentPostprocessing</key>
			<string>0</string>
			<key>shellPath</key>
			<string>/bin/sh</string>
			<key>shellScript</key>
			<string># Run the unit tests in this test bundle.
"${SYSTEM_DEVELOPER_DIR}/Tools/RunUnitTests"
</string>
		</dict>
		<key>17ED423A17E756E700C7080A</key>
		<dict>
			<key>buildConfigurationList</key>
			<string>17ED425017E756E700C7080A</string>
			<key>buildPhases</key>
			<array>
				<string>17ED423617E756E700C7080A</string>
				<string>17ED423717E756E700C7080A</string>
				<string>17ED423817E756E700C7080A</string>
				<string>17ED423917E756E700C7080A</string>
			</array>
			<key>buildRules</key>
			<array/>
			<key>dependencies</key>
			<array>
				<string>17ED424117E756E700C7080A</string>
			</array>
			<key>isa</key>
			<string>PBXNativeTarget</string>
			<key>name</key>
			<string>MoneyMemoryTests</string>
			<key>productName</key>
			<string>MoneyMemoryTests</string>
			<key>productReference</key>
			<string>17ED423B17E756E700C7080A</string>
			<key>productType</key>
			<string>com.apple.product-type.bundle</string>
		</dict>
		<key>17ED423B17E756E700C7080A</key>
		<dict>
			<key>explicitFileType</key>
			<string>wrapper.cfbundle</string>
			<key>includeInIndex</key>
			<string>0</string>
			<key>isa</key>
			<string>PBXFileReference</string>
			<key>path</key>
			<string>MoneyMemoryTests.octest</string>
			<key>sourceTree</key>
			<string>BUILT_PRODUCTS_DIR</string>
		</dict>
		<key>17ED423C17E756E700C7080A</key>
		<dict>
			<key>isa</key>
			<string>PBXFileReference</string>
			<key>lastKnownFileType</key>
			<string>wrapper.framework</string>
			<key>name</key>
			<string>SenTestingKit.framework</string>
			<key>path</key>
			<string>Library/Frameworks/SenTestingKit.framework</string>
			<key>sourceTree</key>
			<string>DEVELOPER_DIR</string>
		</dict>
		<key>17ED423D17E756E700C7080A</key>
		<dict>
			<key>fileRef</key>
			<string>17ED423C17E756E700C7080A</string>
			<key>isa</key>
			<string>PBXBuildFile</string>
		</dict>
		<key>17ED423E17E756E700C7080A</key>
		<dict>
			<key>fileRef</key>
			<string>17ED421817E756E600C7080A</string>
			<key>isa</key>
			<string>PBXBuildFile</string>
		</dict>
		<key>17ED423F17E756E700C7080A</key>
		<dict>
			<key>fileRef</key>
			<string>17ED421A17E756E600C7080A</string>
			<key>isa</key>
			<string>PBXBuildFile</string>
		</dict>
		<key>17ED424017E756E700C7080A</key>
		<dict>
			<key>containerPortal</key>
			<string>17ED420D17E756E600C7080A</string>
			<key>isa</key>
			<string>PBXContainerItemProxy</string>
			<key>proxyType</key>
			<string>1</string>
			<key>remoteGlobalIDString</key>
			<string>17ED421417E756E600C7080A</string>
			<key>remoteInfo</key>
			<string>MoneyMemory</string>
		</dict>
		<key>17ED424117E756E700C7080A</key>
		<dict>
			<key>isa</key>
			<string>PBXTargetDependency</string>
			<key>target</key>
			<string>17ED421417E756E600C7080A</string>
			<key>targetProxy</key>
			<string>17ED424017E756E700C7080A</string>
		</dict>
		<key>17ED424217E756E700C7080A</key>
		<dict>
			<key>children</key>
			<array>
				<string>17ED424817E756E700C7080A</string>
				<string>17ED424917E756E700C7080A</string>
				<string>17ED424317E756E700C7080A</string>
			</array>
			<key>isa</key>
			<string>PBXGroup</string>
			<key>path</key>
			<string>MoneyMemoryTests</string>
			<key>sourceTree</key>
			<string>&lt;group&gt;</string>
		</dict>
		<key>17ED424317E756E700C7080A</key>
		<dict>
			<key>children</key>
			<array>
				<string>17ED424417E756E700C7080A</string>
				<string>17ED424517E756E700C7080A</string>
			</array>
			<key>isa</key>
			<string>PBXGroup</string>
			<key>name</key>
			<string>Supporting Files</string>
			<key>sourceTree</key>
			<string>&lt;group&gt;</string>
		</dict>
		<key>17ED424417E756E700C7080A</key>
		<dict>
			<key>isa</key>
			<string>PBXFileReference</string>
			<key>lastKnownFileType</key>
			<string>text.plist.xml</string>
			<key>path</key>
			<string>MoneyMemoryTests-Info.plist</string>
			<key>sourceTree</key>
			<string>&lt;group&gt;</string>
		</dict>
		<key>17ED424517E756E700C7080A</key>
		<dict>
			<key>children</key>
			<array>
				<string>17ED424617E756E700C7080A</string>
			</array>
			<key>isa</key>
			<string>PBXVariantGroup</string>
			<key>name</key>
			<string>InfoPlist.strings</string>
			<key>sourceTree</key>
			<string>&lt;group&gt;</string>
		</dict>
		<key>17ED424617E756E700C7080A</key>
		<dict>
			<key>isa</key>
			<string>PBXFileReference</string>
			<key>lastKnownFileType</key>
			<string>text.plist.strings</string>
			<key>name</key>
			<string>en</string>
			<key>path</key>
			<string>en.lproj/InfoPlist.strings</string>
			<key>sourceTree</key>
			<string>&lt;group&gt;</string>
		</dict>
		<key>17ED424717E756E700C7080A</key>
		<dict>
			<key>fileRef</key>
			<string>17ED424517E756E700C7080A</string>
			<key>isa</key>
			<string>PBXBuildFile</string>
		</dict>
		<key>17ED424817E756E700C7080A</key>
		<dict>
			<key>isa</key>
			<string>PBXFileReference</string>
			<key>lastKnownFileType</key>
			<string>sourcecode.c.h</string>
			<key>path</key>
			<string>MoneyMemoryTests.h</string>
			<key>sourceTree</key>
			<string>&lt;group&gt;</string>
		</dict>
		<key>17ED424917E756E700C7080A</key>
		<dict>
			<key>isa</key>
			<string>PBXFileReference</string>
			<key>lastKnownFileType</key>
			<string>sourcecode.c.objc</string>
			<key>path</key>
			<string>MoneyMemoryTests.m</string>
			<key>sourceTree</key>
			<string>&lt;group&gt;</string>
		</dict>
		<key>17ED424A17E756E700C7080A</key>
		<dict>
			<key>fileRef</key>
			<string>17ED424917E756E700C7080A</string>
			<key>isa</key>
			<string>PBXBuildFile</string>
		</dict>
		<key>17ED424B17E756E700C7080A</key>
		<dict>
			<key>buildSettings</key>
			<dict>
				<key>ALWAYS_SEARCH_USER_PATHS</key>
				<string>NO</string>
				<key>CLANG_CXX_LANGUAGE_STANDARD</key>
				<string>gnu++0x</string>
				<key>CLANG_CXX_LIBRARY</key>
				<string>libc++</string>
				<key>CLANG_WARN_CONSTANT_CONVERSION</key>
				<string>YES</string>
				<key>CLANG_WARN_EMPTY_BODY</key>
				<string>YES</string>
				<key>CLANG_WARN_ENUM_CONVERSION</key>
				<string>YES</string>
				<key>CLANG_WARN_INT_CONVERSION</key>
				<string>YES</string>
				<key>CLANG_WARN__DUPLICATE_METHOD_MATCH</key>
				<string>YES</string>
				<key>CODE_SIGN_IDENTITY[sdk=iphoneos*]</key>
				<string>iPhone Developer</string>
				<key>COPY_PHASE_STRIP</key>
				<string>NO</string>
				<key>GCC_C_LANGUAGE_STANDARD</key>
				<string>gnu99</string>
				<key>GCC_DYNAMIC_NO_PIC</key>
				<string>NO</string>
				<key>GCC_OPTIMIZATION_LEVEL</key>
				<string>0</string>
				<key>GCC_PREPROCESSOR_DEFINITIONS</key>
				<array>
					<string>DEBUG=1</string>
					<string>$(inherited)</string>
				</array>
				<key>GCC_SYMBOLS_PRIVATE_EXTERN</key>
				<string>NO</string>
				<key>GCC_WARN_ABOUT_RETURN_TYPE</key>
				<string>YES</string>
				<key>GCC_WARN_UNINITIALIZED_AUTOS</key>
				<string>YES</string>
				<key>GCC_WARN_UNUSED_VARIABLE</key>
				<string>YES</string>
				<key>IPHONEOS_DEPLOYMENT_TARGET</key>
				<string>6.1</string>
				<key>ONLY_ACTIVE_ARCH</key>
				<string>YES</string>
				<key>SDKROOT</key>
				<string>iphoneos</string>
			</dict>
			<key>isa</key>
			<string>XCBuildConfiguration</string>
			<key>name</key>
			<string>Debug</string>
		</dict>
		<key>17ED424C17E756E700C7080A</key>
		<dict>
			<key>buildSettings</key>
			<dict>
				<key>ALWAYS_SEARCH_USER_PATHS</key>
				<string>NO</string>
				<key>CLANG_CXX_LANGUAGE_STANDARD</key>
				<string>gnu++0x</string>
				<key>CLANG_CXX_LIBRARY</key>
				<string>libc++</string>
				<key>CLANG_WARN_CONSTANT_CONVERSION</key>
				<string>YES</string>
				<key>CLANG_WARN_EMPTY_BODY</key>
				<string>YES</string>
				<key>CLANG_WARN_ENUM_CONVERSION</key>
				<string>YES</string>
				<key>CLANG_WARN_INT_CONVERSION</key>
				<string>YES</string>
				<key>CLANG_WARN__DUPLICATE_METHOD_MATCH</key>
				<string>YES</string>
				<key>CODE_SIGN_IDENTITY[sdk=iphoneos*]</key>
				<string>iPhone Developer</string>
				<key>COPY_PHASE_STRIP</key>
				<string>YES</string>
				<key>GCC_C_LANGUAGE_STANDARD</key>
				<string>gnu99</string>
				<key>GCC_WARN_ABOUT_RETURN_TYPE</key>
				<string>YES</string>
				<key>GCC_WARN_UNINITIALIZED_AUTOS</key>
				<string>YES</string>
				<key>GCC_WARN_UNUSED_VARIABLE</key>
				<string>YES</string>
				<key>IPHONEOS_DEPLOYMENT_TARGET</key>
				<string>6.1</string>
				<key>OTHER_CFLAGS</key>
				<string>-DNS_BLOCK_ASSERTIONS=1</string>
				<key>SDKROOT</key>
				<string>iphoneos</string>
				<key>VALIDATE_PRODUCT</key>
				<string>YES</string>
			</dict>
			<key>isa</key>
			<string>XCBuildConfiguration</string>
			<key>name</key>
			<string>Release</string>
		</dict>
		<key>17ED424D17E756E700C7080A</key>
		<dict>
			<key>buildConfigurations</key>
			<array>
				<string>17ED424E17E756E700C7080A</string>
				<string>17ED424F17E756E700C7080A</string>
			</array>
			<key>defaultConfigurationIsVisible</key>
			<string>0</string>
			<key>isa</key>
			<string>XCConfigurationList</string>
		</dict>
		<key>17ED424E17E756E700C7080A</key>
		<dict>
			<key>baseConfigurationReference</key>
			<string>F9F60B2BD95F46A1A79A2A01</string>
			<key>buildSettings</key>
			<dict>
				<key>GCC_PRECOMPILE_PREFIX_HEADER</key>
				<string>YES</string>
				<key>GCC_PREFIX_HEADER</key>
				<string>MoneyMemory/MoneyMemory-Prefix.pch</string>
				<key>INFOPLIST_FILE</key>
				<string>MoneyMemory/MoneyMemory-Info.plist</string>
				<key>PRODUCT_NAME</key>
				<string>$(TARGET_NAME)</string>
				<key>WRAPPER_EXTENSION</key>
				<string>app</string>
			</dict>
			<key>isa</key>
			<string>XCBuildConfiguration</string>
			<key>name</key>
			<string>Debug</string>
		</dict>
		<key>17ED424F17E756E700C7080A</key>
		<dict>
			<key>baseConfigurationReference</key>
			<string>F9F60B2BD95F46A1A79A2A01</string>
			<key>buildSettings</key>
			<dict>
				<key>GCC_PRECOMPILE_PREFIX_HEADER</key>
				<string>YES</string>
				<key>GCC_PREFIX_HEADER</key>
				<string>MoneyMemory/MoneyMemory-Prefix.pch</string>
				<key>INFOPLIST_FILE</key>
				<string>MoneyMemory/MoneyMemory-Info.plist</string>
				<key>PRODUCT_NAME</key>
				<string>$(TARGET_NAME)</string>
				<key>WRAPPER_EXTENSION</key>
				<string>app</string>
			</dict>
			<key>isa</key>
			<string>XCBuildConfiguration</string>
			<key>name</key>
			<string>Release</string>
		</dict>
		<key>17ED425017E756E700C7080A</key>
		<dict>
			<key>buildConfigurations</key>
			<array>
				<string>17ED425117E756E700C7080A</string>
				<string>17ED425217E756E700C7080A</string>
			</array>
			<key>defaultConfigurationIsVisible</key>
			<string>0</string>
			<key>isa</key>
			<string>XCConfigurationList</string>
		</dict>
		<key>17ED425117E756E700C7080A</key>
		<dict>
			<key>buildSettings</key>
			<dict>
				<key>BUNDLE_LOADER</key>
				<string>$(BUILT_PRODUCTS_DIR)/MoneyMemory.app/MoneyMemory</string>
				<key>FRAMEWORK_SEARCH_PATHS</key>
				<array>
					<string>"$(SDKROOT)/Developer/Library/Frameworks"</string>
					<string>"$(DEVELOPER_LIBRARY_DIR)/Frameworks"</string>
				</array>
				<key>GCC_PRECOMPILE_PREFIX_HEADER</key>
				<string>YES</string>
				<key>GCC_PREFIX_HEADER</key>
				<string>MoneyMemory/MoneyMemory-Prefix.pch</string>
				<key>INFOPLIST_FILE</key>
				<string>MoneyMemoryTests/MoneyMemoryTests-Info.plist</string>
				<key>PRODUCT_NAME</key>
				<string>$(TARGET_NAME)</string>
				<key>TEST_HOST</key>
				<string>$(BUNDLE_LOADER)</string>
				<key>WRAPPER_EXTENSION</key>
				<string>octest</string>
			</dict>
			<key>isa</key>
			<string>XCBuildConfiguration</string>
			<key>name</key>
			<string>Debug</string>
		</dict>
		<key>17ED425217E756E700C7080A</key>
		<dict>
			<key>buildSettings</key>
			<dict>
				<key>BUNDLE_LOADER</key>
				<string>$(BUILT_PRODUCTS_DIR)/MoneyMemory.app/MoneyMemory</string>
				<key>FRAMEWORK_SEARCH_PATHS</key>
				<array>
					<string>"$(SDKROOT)/Developer/Library/Frameworks"</string>
					<string>"$(DEVELOPER_LIBRARY_DIR)/Frameworks"</string>
				</array>
				<key>GCC_PRECOMPILE_PREFIX_HEADER</key>
				<string>YES</string>
				<key>GCC_PREFIX_HEADER</key>
				<string>MoneyMemory/MoneyMemory-Prefix.pch</string>
				<key>INFOPLIST_FILE</key>
				<string>MoneyMemoryTests/MoneyMemoryTests-Info.plist</string>
				<key>PRODUCT_NAME</key>
				<string>$(TARGET_NAME)</string>
				<key>TEST_HOST</key>
				<string>$(BUNDLE_LOADER)</string>
				<key>WRAPPER_EXTENSION</key>
				<string>octest</string>
			</dict>
			<key>isa</key>
			<string>XCBuildConfiguration</string>
			<key>name</key>
			<string>Release</string>
		</dict>
		<key>36E31B9B50854DF3AFB92872</key>
		<dict>
			<key>buildActionMask</key>
			<string>2147483647</string>
			<key>files</key>
			<array/>
			<key>inputPaths</key>
			<array/>
			<key>isa</key>
			<string>PBXShellScriptBuildPhase</string>
			<key>name</key>
			<string>Copy Pods Resources</string>
			<key>outputPaths</key>
			<array/>
			<key>runOnlyForDeploymentPostprocessing</key>
			<string>0</string>
			<key>shellPath</key>
			<string>/bin/sh</string>
			<key>shellScript</key>
			<string>"${SRCROOT}/Pods/Pods-resources.sh"
</string>
			<key>showEnvVarsInLog</key>
			<string>0</string>
		</dict>
		<key>70B7E4C0E2134B17A3A37E96</key>
		<dict>
			<key>buildActionMask</key>
			<string>2147483647</string>
			<key>files</key>
			<array/>
			<key>inputPaths</key>
			<array/>
			<key>isa</key>
			<string>PBXShellScriptBuildPhase</string>
			<key>name</key>
			<string>Check Pods Manifest.lock</string>
			<key>outputPaths</key>
			<array/>
			<key>runOnlyForDeploymentPostprocessing</key>
			<string>0</string>
			<key>shellPath</key>
			<string>/bin/sh</string>
			<key>shellScript</key>
			<string>diff "${PODS_ROOT}/../Podfile.lock" "${PODS_ROOT}/Manifest.lock" &gt; /dev/null
if [[ $? != 0 ]] ; then
    cat &lt;&lt; EOM
error: The sandbox is not in sync with the Podfile.lock. Run 'pod install' or update your CocoaPods installation.
EOM
    exit 1
fi
</string>
			<key>showEnvVarsInLog</key>
			<string>0</string>
		</dict>
		<key>9AAC237A89A840008DB51EE0</key>
		<dict>
			<key>fileRef</key>
			<string>C432C4616D1D4605AA12CB2D</string>
			<key>isa</key>
			<string>PBXBuildFile</string>
		</dict>
		<key>C432C4616D1D4605AA12CB2D</key>
		<dict>
			<key>explicitFileType</key>
			<string>archive.ar</string>
			<key>includeInIndex</key>
			<string>0</string>
			<key>isa</key>
			<string>PBXFileReference</string>
			<key>path</key>
			<string>libPods.a</string>
			<key>sourceTree</key>
			<string>BUILT_PRODUCTS_DIR</string>
		</dict>
		<key>F9F60B2BD95F46A1A79A2A01</key>
		<dict>
			<key>includeInIndex</key>
			<string>1</string>
			<key>isa</key>
			<string>PBXFileReference</string>
			<key>lastKnownFileType</key>
			<string>text.xcconfig</string>
			<key>name</key>
			<string>Pods.xcconfig</string>
			<key>path</key>
			<string>Pods/Pods.xcconfig</string>
			<key>sourceTree</key>
			<string>&lt;group&gt;</string>
		</dict>
	</dict>
	<key>rootObject</key>
	<string>17ED420D17E756E600C7080A</string>
</dict>
</plist>
